<?xml version="1.0" encoding="utf-8"?>
<Project ToolsVersion="4.0" xmlns="http://schemas.microsoft.com/developer/msbuild/2003">
  <ItemGroup>
    <Filter Include="Cubes">
      <UniqueIdentifier>{9740FD0C-0355-25BE-CCD6-C81D38AA21EF}</UniqueIdentifier>
    </Filter>
    <Filter Include="Cubes\Core">
      <UniqueIdentifier>{4F5BF960-3B13-3BAE-A41A-140A90F1D59E}</UniqueIdentifier>
    </Filter>
    <Filter Include="Cubes\Core\Debug">
      <UniqueIdentifier>{0565349F-F15D-53F1-1A90-387606E832FD}</UniqueIdentifier>
    </Filter>
    <Filter Include="Cubes\Core\Error">
      <UniqueIdentifier>{C8E14D9F-B4DA-6CF1-DD0C-5276C9644CFD}</UniqueIdentifier>
    </Filter>
    <Filter Include="Cubes\Core\Events">
      <UniqueIdentifier>{53584B89-BF6E-491F-08E6-D440743B1AA7}</UniqueIdentifier>
    </Filter>
    <Filter Include="Cubes\Core\Renderer">
      <UniqueIdentifier>{D5C77D00-4129-5B0E-CA96-A1C036F791CD}</UniqueIdentifier>
    </Filter>
    <Filter Include="Cubes\Core\Time">
      <UniqueIdentifier>{4D21D4E5-B9AC-41AA-C2BD-C49E2EC89DAA}</UniqueIdentifier>
    </Filter>
    <Filter Include="Cubes\Core\Utility">
      <UniqueIdentifier>{92F8F67D-7EDC-B7D3-E73C-B226D33FA255}</UniqueIdentifier>
    </Filter>
    <Filter Include="Cubes\ImGUI">
      <UniqueIdentifier>{C1868F80-2D3C-0876-B630-024D22E5FE79}</UniqueIdentifier>
    </Filter>
    <Filter Include="Cubes\Platform">
      <UniqueIdentifier>{CB16CF9B-B7E4-C2A1-A078-33C88CE59E06}</UniqueIdentifier>
    </Filter>
    <Filter Include="Cubes\Platform\OpenGL">
      <UniqueIdentifier>{9FCDCA3F-0B3A-863A-D42D-1E984059A8A2}</UniqueIdentifier>
    </Filter>
    <Filter Include="Cubes\Platform\Windows">
      <UniqueIdentifier>{055C4091-F155-69E3-DAC2-FFF3C65BCF4F}</UniqueIdentifier>
    </Filter>
  </ItemGroup>
  <ItemGroup>
    <ClInclude Include="src\Cubes.h" />
    <ClInclude Include="src\Cubes\Core\Application.h">
      <Filter>Cubes\Core</Filter>
    </ClInclude>
    <ClInclude Include="src\Cubes\Core\Core.h">
      <Filter>Cubes\Core</Filter>
    </ClInclude>
    <ClInclude Include="src\Cubes\Core\Debug\ScopeTimer.h">
      <Filter>Cubes\Core\Debug</Filter>
    </ClInclude>
    <ClInclude Include="src\Cubes\Core\Entrypoint.h">
      <Filter>Cubes\Core</Filter>
    </ClInclude>
    <ClInclude Include="src\Cubes\Core\Error\Error.h">
      <Filter>Cubes\Core\Error</Filter>
    </ClInclude>
    <ClInclude Include="src\Cubes\Core\Events\ApplicationEvent.h">
      <Filter>Cubes\Core\Events</Filter>
    </ClInclude>
    <ClInclude Include="src\Cubes\Core\Events\Event.h">
      <Filter>Cubes\Core\Events</Filter>
    </ClInclude>
    <ClInclude Include="src\Cubes\Core\Events\KeyEvent.h">
      <Filter>Cubes\Core\Events</Filter>
    </ClInclude>
    <ClInclude Include="src\Cubes\Core\Events\MouseEvent.h">
      <Filter>Cubes\Core\Events</Filter>
    </ClInclude>
    <ClInclude Include="src\Cubes\Core\Input.h">
      <Filter>Cubes\Core</Filter>
    </ClInclude>
    <ClInclude Include="src\Cubes\Core\KeyCodes.h">
      <Filter>Cubes\Core</Filter>
    </ClInclude>
    <ClInclude Include="src\Cubes\Core\Layer.h">
      <Filter>Cubes\Core</Filter>
    </ClInclude>
    <ClInclude Include="src\Cubes\Core\LayerStack.h">
      <Filter>Cubes\Core</Filter>
    </ClInclude>
    <ClInclude Include="src\Cubes\Core\MouseButtonCodes.h">
      <Filter>Cubes\Core</Filter>
    </ClInclude>
    <ClInclude Include="src\Cubes\Core\Renderer\Buffer.h">
      <Filter>Cubes\Core\Renderer</Filter>
    </ClInclude>
    <ClInclude Include="src\Cubes\Core\Renderer\Framebuffer.h">
      <Filter>Cubes\Core\Renderer</Filter>
    </ClInclude>
    <ClInclude Include="src\Cubes\Core\Renderer\MeshFactory.h">
      <Filter>Cubes\Core\Renderer</Filter>
    </ClInclude>
    <ClInclude Include="src\Cubes\Core\Renderer\Model.h">
      <Filter>Cubes\Core\Renderer</Filter>
    </ClInclude>
    <ClInclude Include="src\Cubes\Core\Renderer\OrthographicCamera.h">
      <Filter>Cubes\Core\Renderer</Filter>
    </ClInclude>
    <ClInclude Include="src\Cubes\Core\Renderer\PerspectiveCamera.h">
      <Filter>Cubes\Core\Renderer</Filter>
    </ClInclude>
    <ClInclude Include="src\Cubes\Core\Renderer\RenderCommand.h">
      <Filter>Cubes\Core\Renderer</Filter>
    </ClInclude>
    <ClInclude Include="src\Cubes\Core\Renderer\RenderContext.h">
      <Filter>Cubes\Core\Renderer</Filter>
    </ClInclude>
    <ClInclude Include="src\Cubes\Core\Renderer\Renderer.h">
      <Filter>Cubes\Core\Renderer</Filter>
    </ClInclude>
    <ClInclude Include="src\Cubes\Core\Renderer\Renderer2D.h">
      <Filter>Cubes\Core\Renderer</Filter>
    </ClInclude>
    <ClInclude Include="src\Cubes\Core\Renderer\RendererAPI.h">
      <Filter>Cubes\Core\Renderer</Filter>
    </ClInclude>
    <ClInclude Include="src\Cubes\Core\Renderer\Shader.h">
      <Filter>Cubes\Core\Renderer</Filter>
    </ClInclude>
    <ClInclude Include="src\Cubes\Core\Renderer\Texture.h">
      <Filter>Cubes\Core\Renderer</Filter>
    </ClInclude>
    <ClInclude Include="src\Cubes\Core\Renderer\VertexArray.h">
      <Filter>Cubes\Core\Renderer</Filter>
    </ClInclude>
    <ClInclude Include="src\Cubes\Core\Time\TimeStep.h">
      <Filter>Cubes\Core\Time</Filter>
    </ClInclude>
    <ClInclude Include="src\Cubes\Core\Utility\Log.h">
      <Filter>Cubes\Core\Utility</Filter>
    </ClInclude>
    <ClInclude Include="src\Cubes\Core\Utility\ModelLoader.h">
      <Filter>Cubes\Core\Utility</Filter>
    </ClInclude>
    <ClInclude Include="src\Cubes\Core\Window.h">
      <Filter>Cubes\Core</Filter>
    </ClInclude>
    <ClInclude Include="src\Cubes\ImGUI\ImGUILayer.h">
      <Filter>Cubes\ImGUI</Filter>
    </ClInclude>
    <ClInclude Include="src\Cubes\Platform\OpenGL\OpenGLBuffer.h">
      <Filter>Cubes\Platform\OpenGL</Filter>
    </ClInclude>
    <ClInclude Include="src\Cubes\Platform\OpenGL\OpenGLFramebuffer.h">
      <Filter>Cubes\Platform\OpenGL</Filter>
    </ClInclude>
    <ClInclude Include="src\Cubes\Platform\OpenGL\OpenGLRenderContext.h">
      <Filter>Cubes\Platform\OpenGL</Filter>
    </ClInclude>
    <ClInclude Include="src\Cubes\Platform\OpenGL\OpenGLRendererAPI.h">
      <Filter>Cubes\Platform\OpenGL</Filter>
    </ClInclude>
    <ClInclude Include="src\Cubes\Platform\OpenGL\OpenGLShader.h">
      <Filter>Cubes\Platform\OpenGL</Filter>
    </ClInclude>
    <ClInclude Include="src\Cubes\Platform\OpenGL\OpenGLTexture2D.h">
      <Filter>Cubes\Platform\OpenGL</Filter>
    </ClInclude>
    <ClInclude Include="src\Cubes\Platform\OpenGL\OpenGLVertexArray.h">
      <Filter>Cubes\Platform\OpenGL</Filter>
    </ClInclude>
    <ClInclude Include="src\Cubes\Platform\Windows\WindowsInput.h">
      <Filter>Cubes\Platform\Windows</Filter>
    </ClInclude>
    <ClInclude Include="src\Cubes\Platform\Windows\WindowsWindow.h">
      <Filter>Cubes\Platform\Windows</Filter>
    </ClInclude>
    <ClInclude Include="src\cbpch.h" />
    <ClInclude Include="src\Cubes\Core\Project\Scene.h" />
    <ClInclude Include="src\Cubes\Core\Project\Components.h" />
    <ClInclude Include="src\Cubes\Core\Project\Entity.h" />
  </ItemGroup>
  <ItemGroup>
    <ClCompile Include="src\Cubes\Core\Application.cpp">
      <Filter>Cubes\Core</Filter>
    </ClCompile>
    <ClCompile Include="src\Cubes\Core\Events\ApplicationEvent.cpp">
      <Filter>Cubes\Core\Events</Filter>
    </ClCompile>
    <ClCompile Include="src\Cubes\Core\Layer.cpp">
      <Filter>Cubes\Core</Filter>
    </ClCompile>
    <ClCompile Include="src\Cubes\Core\LayerStack.cpp">
      <Filter>Cubes\Core</Filter>
    </ClCompile>
    <ClCompile Include="src\Cubes\Core\Renderer\Buffer.cpp">
      <Filter>Cubes\Core\Renderer</Filter>
    </ClCompile>
    <ClCompile Include="src\Cubes\Core\Renderer\Framebuffer.cpp">
      <Filter>Cubes\Core\Renderer</Filter>
    </ClCompile>
    <ClCompile Include="src\Cubes\Core\Renderer\OrthographicCamera.cpp">
      <Filter>Cubes\Core\Renderer</Filter>
    </ClCompile>
    <ClCompile Include="src\Cubes\Core\Renderer\PerspectiveCamera.cpp">
      <Filter>Cubes\Core\Renderer</Filter>
    </ClCompile>
    <ClCompile Include="src\Cubes\Core\Renderer\RenderCommand.cpp">
      <Filter>Cubes\Core\Renderer</Filter>
    </ClCompile>
    <ClCompile Include="src\Cubes\Core\Renderer\Renderer.cpp">
      <Filter>Cubes\Core\Renderer</Filter>
    </ClCompile>
    <ClCompile Include="src\Cubes\Core\Renderer\Renderer2D.cpp">
      <Filter>Cubes\Core\Renderer</Filter>
    </ClCompile>
    <ClCompile Include="src\Cubes\Core\Renderer\RendererAPI.cpp">
      <Filter>Cubes\Core\Renderer</Filter>
    </ClCompile>
    <ClCompile Include="src\Cubes\Core\Renderer\Shader.cpp">
      <Filter>Cubes\Core\Renderer</Filter>
    </ClCompile>
    <ClCompile Include="src\Cubes\Core\Renderer\Texture.cpp">
      <Filter>Cubes\Core\Renderer</Filter>
    </ClCompile>
    <ClCompile Include="src\Cubes\Core\Renderer\VertexArray.cpp">
      <Filter>Cubes\Core\Renderer</Filter>
    </ClCompile>
    <ClCompile Include="src\Cubes\Core\Utility\Log.cpp">
      <Filter>Cubes\Core\Utility</Filter>
    </ClCompile>
    <ClCompile Include="src\Cubes\Core\Utility\ModelLoader.cpp">
      <Filter>Cubes\Core\Utility</Filter>
    </ClCompile>
    <ClCompile Include="src\Cubes\ImGUI\ImGUILayer.cpp">
      <Filter>Cubes\ImGUI</Filter>
    </ClCompile>
    <ClCompile Include="src\Cubes\ImGUI\ImGuiBuild.cpp">
      <Filter>Cubes\ImGUI</Filter>
    </ClCompile>
    <ClCompile Include="src\Cubes\Platform\OpenGL\OpenGLBuffer.cpp">
      <Filter>Cubes\Platform\OpenGL</Filter>
    </ClCompile>
    <ClCompile Include="src\Cubes\Platform\OpenGL\OpenGLFramebuffer.cpp">
      <Filter>Cubes\Platform\OpenGL</Filter>
    </ClCompile>
    <ClCompile Include="src\Cubes\Platform\OpenGL\OpenGLRenderContext.cpp">
      <Filter>Cubes\Platform\OpenGL</Filter>
    </ClCompile>
    <ClCompile Include="src\Cubes\Platform\OpenGL\OpenGLRendererAPI.cpp">
      <Filter>Cubes\Platform\OpenGL</Filter>
    </ClCompile>
    <ClCompile Include="src\Cubes\Platform\OpenGL\OpenGLShader.cpp">
      <Filter>Cubes\Platform\OpenGL</Filter>
    </ClCompile>
    <ClCompile Include="src\Cubes\Platform\OpenGL\OpenGLTexture2D.cpp">
      <Filter>Cubes\Platform\OpenGL</Filter>
    </ClCompile>
    <ClCompile Include="src\Cubes\Platform\OpenGL\OpenGLVertexArray.cpp">
      <Filter>Cubes\Platform\OpenGL</Filter>
    </ClCompile>
    <ClCompile Include="src\Cubes\Platform\Windows\WindowsInput.cpp">
      <Filter>Cubes\Platform\Windows</Filter>
    </ClCompile>
    <ClCompile Include="src\Cubes\Platform\Windows\WindowsWindow.cpp">
      <Filter>Cubes\Platform\Windows</Filter>
    </ClCompile>
    <ClCompile Include="src\cbpch.cpp" />
    <ClCompile Include="src\Cubes\Core\Project\Scene.cpp" />
    <ClCompile Include="src\Cubes\Core\Project\Entity.cpp" />
  </ItemGroup>
</Project>