<?xml version="1.0" encoding="utf-8"?>
<Project ToolsVersion="4.0" xmlns="http://schemas.microsoft.com/developer/msbuild/2003">
  <ItemGroup>
    <Filter Include="Cubes">
      <UniqueIdentifier>{9740FD0C-0355-25BE-CCD6-C81D38AA21EF}</UniqueIdentifier>
    </Filter>
  </ItemGroup>
  <ItemGroup>
    <ClInclude Include="src\Cubes.h" />
    <ClInclude Include="src\Cubes\Application.h">
      <Filter>Cubes</Filter>
    </ClInclude>
    <ClInclude Include="src\Cubes\Core.h">
      <Filter>Cubes</Filter>
    </ClInclude>
    <ClInclude Include="src\Cubes\Entrypoint.h">
      <Filter>Cubes</Filter>
    </ClInclude>
    <ClInclude Include="src\Cubes\Utility\Log.h">
      <Filter>Cubes</Filter>
    </ClInclude>
  </ItemGroup>
  <ItemGroup>
    <ClCompile Include="src\Cubes\Utility\Log.cpp">
      <Filter>Cubes</Filter>
    </ClCompile>
    <ClCompile Include="src\Cubes\Application.cpp" />
  </ItemGroup>
</Project>